
Microsoft Visual Studio Solution File, Format Version 12.00
# Visual Studio Version 17
VisualStudioVersion = 17.7.34031.279
MinimumVisualStudioVersion = 10.0.40219.1
Project("{FAE04EC0-301F-11D3-BF4B-00C04F79EFBC}") = "AspNetNotes", "AspNetNotes.csproj", "{0FF92A4A-EB8B-44D3-BE60-8EB57BFB196F}"
EndProject
Global
	GlobalSection(SolutionConfigurationPlatforms) = preSolution
		Debug|Any CPU = Debug|Any CPU
		Release|Any CPU = Release|Any CPU
	EndGlobalSection
	GlobalSection(ProjectConfigurationPlatforms) = postSolution
		{0FF92A4A-EB8B-44D3-BE60-8EB57BFB196F}.Debug|Any CPU.ActiveCfg = Debug|Any CPU
		{0FF92A4A-EB8B-44D3-BE60-8EB57BFB196F}.Debug|Any CPU.Build.0 = Debug|Any CPU
		{0FF92A4A-EB8B-44D3-BE60-8EB57BFB196F}.Release|Any CPU.ActiveCfg = Release|Any CPU
		{0FF92A4A-EB8B-44D3-BE60-8EB57BFB196F}.Release|Any CPU.Build.0 = Release|Any CPU
	EndGlobalSection
	GlobalSection(SolutionProperties) = preSolution
		HideSolutionNode = FALSE
	EndGlobalSection
	GlobalSection(ExtensibilityGlobals) = postSolution
		SolutionGuid = {65A7FC7A-7777-4A2F-B905-A32C9FF93337}
	EndGlobalSection
EndGlobal
